
Microsoft Visual Studio Solution File, Format Version 12.00
# Visual Studio Version 17
VisualStudioVersion = 17.5.002.0
MinimumVisualStudioVersion = 10.0.40219.1
Project("{FAE04EC0-301F-11D3-BF4B-00C04F79EFBC}") = "BattleshipGame.Core", "BattleshipGame.Core\BattleshipGame.Core.csproj", "{79701ACC-3419-47BB-AA3A-AE60B4E74ADE}"
EndProject
Project("{FAE04EC0-301F-11D3-BF4B-00C04F79EFBC}") = "BattleshipGame.Tests", "BattleshipGame.Tests\BattleshipGame.Tests.csproj", "{75B1D051-D689-4860-905F-410B45B59EED}"
EndProject
Global
	GlobalSection(SolutionConfigurationPlatforms) = preSolution
		Debug|Any CPU = Debug|Any CPU
		Release|Any CPU = Release|Any CPU
	EndGlobalSection
	GlobalSection(ProjectConfigurationPlatforms) = postSolution
		{79701ACC-3419-47BB-AA3A-AE60B4E74ADE}.Debug|Any CPU.ActiveCfg = Debug|Any CPU
		{79701ACC-3419-47BB-AA3A-AE60B4E74ADE}.Debug|Any CPU.Build.0 = Debug|Any CPU
		{79701ACC-3419-47BB-AA3A-AE60B4E74ADE}.Release|Any CPU.ActiveCfg = Release|Any CPU
		{79701ACC-3419-47BB-AA3A-AE60B4E74ADE}.Release|Any CPU.Build.0 = Release|Any CPU
		{75B1D051-D689-4860-905F-410B45B59EED}.Debug|Any CPU.ActiveCfg = Debug|Any CPU
		{75B1D051-D689-4860-905F-410B45B59EED}.Debug|Any CPU.Build.0 = Debug|Any CPU
		{75B1D051-D689-4860-905F-410B45B59EED}.Release|Any CPU.ActiveCfg = Release|Any CPU
		{75B1D051-D689-4860-905F-410B45B59EED}.Release|Any CPU.Build.0 = Release|Any CPU
	EndGlobalSection
	GlobalSection(SolutionProperties) = preSolution
		HideSolutionNode = FALSE
	EndGlobalSection
	GlobalSection(ExtensibilityGlobals) = postSolution
		SolutionGuid = {7C03E22C-6444-4DCF-B0B0-D9639C123F73}
	EndGlobalSection
EndGlobal
